PODS:
  - Flutter (1.0.0)
  - path_provider_foundation (0.0.1):
    - Flutter
    - FlutterMacOS
  - permission_handler_apple (9.1.1):
    - Flutter
  - pp_bluetooth_kit_flutter (0.0.3):
    - Flutter
    - SSZipArchive
  - SSZipArchive (2.4.3)

DEPENDENCIES:
  - Flutter (from `Flutter`)
  - path_provider_foundation (from `.symlinks/plugins/path_provider_foundation/darwin`)
  - permission_handler_apple (from `.symlinks/plugins/permission_handler_apple/ios`)
  - pp_bluetooth_kit_flutter (from `.symlinks/plugins/pp_bluetooth_kit_flutter/ios`)

SPEC REPOS:
  trunk:
    - SSZipArchive

EXTERNAL SOURCES:
  Flutter:
    :path: Flutter
  path_provider_foundation:
    :path: ".symlinks/plugins/path_provider_foundation/darwin"
  permission_handler_apple:
    :path: ".symlinks/plugins/permission_handler_apple/ios"
  pp_bluetooth_kit_flutter:
    :path: ".symlinks/plugins/pp_bluetooth_kit_flutter/ios"

SPEC CHECKSUMS:
  Flutter: e0871f40cf51350855a761d2e70bf5af5b9b5de7
  path_provider_foundation: 2a68637f8a62df7f6e790a428d1bdf72cb4e2d59
  permission_handler_apple: 3787117e48f80715ff04a3830ca039283d6a4f29
  pp_bluetooth_kit_flutter: d8d787d914af4e66d54eeab6d956357b74305a6c
  SSZipArchive: fe6a26b2a54d5a0890f2567b5cc6de5caa600aef

PODFILE CHECKSUM: c4c93c5f6502fe2754f48404d3594bf779584011

COCOAPODS: 1.16.2
